fastapi==0.115.11 \
    --hash=sha256:cc81f126547adb396c185e35416905796585dd4e0a4cc9b24099f530de3c57a2
uvicorn==0.34.0 \
    --hash=sha256:023dc038422502fa28a09c7a30bf2b6991512da7dcdb8fd35fe57cfc154126f4
httpx==0.28.1 \
    --hash=sha256:75e98c5f16b0f35b567856f597f06ff2270a374470a5c2392242528e3e3e42fc
pydantic==2.10.6 \
    --hash=sha256:427d664bf0b8a2b34ff5dd0f5a18df00591adcef719475bc0dd20613e9b5d323
prometheus-client==0.21.1 \
    --hash=sha256:252505a722ac04b0456be05c05f75f45d760c2911ffc45f2a06bcaed9f3ae4fb
pyjwt==2.10.1 \
    --hash=sha256:3cc5772eb20009233caf06e9d8a0577824723b44e6648ee0a2aedb6cf9381953
cryptography==44.0.2 \
    --hash=sha256:0c580952eef9bf68c4747774cde7ec1d85a6e61de97281f2dba83c7d2c806362
